<?xml version="1.0" encoding="utf-8"?>
<Project ToolsVersion="4.0" xmlns="http://schemas.microsoft.com/developer/msbuild/2003">
  <ItemGroup>
    <Filter Include="Source Files">
      <UniqueIdentifier>{4FC737F1-C7A5-4376-A066-2A32D752A2FF}</UniqueIdentifier>
      <Extensions>cpp;c;cc;cxx;def;odl;idl;hpj;bat;asm;asmx</Extensions>
    </Filter>
    <Filter Include="Source Files\triangle-rasterizer">
      <UniqueIdentifier>{167d616e-42ee-41ae-b91c-2620156347ca}</UniqueIdentifier>
    </Filter>
    <Filter Include="Source Files\triangle-rasterizer-demo">
      <UniqueIdentifier>{adc5d10b-7bf1-4d06-b766-d71503546986}</UniqueIdentifier>
    </Filter>
    <Filter Include="Source Files\triangle-rasterizer-demo\trd">
      <UniqueIdentifier>{71f47e90-3e14-4dfc-abc0-8bab870cd609}</UniqueIdentifier>
    </Filter>
    <Filter Include="Source Files\triangle-rasterizer\tr">
      <UniqueIdentifier>{fc1fa494-d2cb-4cf0-bf69-2f561d34ad9f}</UniqueIdentifier>
    </Filter>
    <Filter Include="Source Files\triangle-rasterizer\lodepng">
      <UniqueIdentifier>{822d0781-5e23-4d07-bca5-fa82604b128f}</UniqueIdentifier>
    </Filter>
    <Filter Include="Source Files\triangle-rasterizer\matrix">
      <UniqueIdentifier>{991f4640-111c-4b1d-ba93-7bcfe02d3e00}</UniqueIdentifier>
    </Filter>
    <Filter Include="Source Files\tf">
      <UniqueIdentifier>{fd312a9a-72a9-4e81-acd5-a7d4473b7aa8}</UniqueIdentifier>
    </Filter>
    <Filter Include="Source Files\triangle-rasterizer-demo\font8x8">
      <UniqueIdentifier>{5970f378-041f-4ad8-abfb-62f7b1ca0322}</UniqueIdentifier>
    </Filter>
    <Filter Include="Source Files\triangle-rasterizer-demo\trd\Lights">
      <UniqueIdentifier>{34cf7320-0feb-4063-9230-d904df74c79a}</UniqueIdentifier>
    </Filter>
    <Filter Include="Source Files\triangle-rasterizer-demo\trd\enums">
      <UniqueIdentifier>{a0cc3e9b-5fa2-49a0-9c0a-68279ce8ce73}</UniqueIdentifier>
    </Filter>
    <Filter Include="Source Files\triangle-rasterizer-demo\trd\Cameras">
      <UniqueIdentifier>{a53edc92-2e2b-4b98-a3a4-564df6bb00c5}</UniqueIdentifier>
    </Filter>
  </ItemGroup>
  <ItemGroup>
    <ClCompile Include="src\triangle-rasterizer-demo\main.cpp">
      <Filter>Source Files\triangle-rasterizer-demo</Filter>
    </ClCompile>
    <ClCompile Include="src\triangle-rasterizer\src\tr\trDefaultShader.cpp">
      <Filter>Source Files\triangle-rasterizer\tr</Filter>
    </ClCompile>
    <ClCompile Include="src\triangle-rasterizer\src\tr\trDepthShader.cpp">
      <Filter>Source Files\triangle-rasterizer\tr</Filter>
    </ClCompile>
    <ClCompile Include="src\triangle-rasterizer\src\tr\trTexture.cpp">
      <Filter>Source Files\triangle-rasterizer\tr</Filter>
    </ClCompile>
    <ClCompile Include="src\triangle-rasterizer\src\tr\trVertex.cpp">
      <Filter>Source Files\triangle-rasterizer\tr</Filter>
    </ClCompile>
    <ClCompile Include="src\triangle-rasterizer\src\matrix\Matrices.cpp">
      <Filter>Source Files\triangle-rasterizer\matrix</Filter>
    </ClCompile>
    <ClCompile Include="src\triangle-rasterizer\src\lodepng\lodepng.cpp">
      <Filter>Source Files\triangle-rasterizer\lodepng</Filter>
    </ClCompile>
    <ClCompile Include="src\triangle-rasterizer-demo\trd\trdApp.cpp">
      <Filter>Source Files\triangle-rasterizer-demo\trd</Filter>
    </ClCompile>
    <ClCompile Include="src\tf\src\tfLogger.cpp">
      <Filter>Source Files\tf</Filter>
    </ClCompile>
    <ClCompile Include="src\tf\src\tfString.cpp">
      <Filter>Source Files\tf</Filter>
    </ClCompile>
    <ClCompile Include="src\tf\src\tfStringW.cpp">
      <Filter>Source Files\tf</Filter>
    </ClCompile>
    <ClCompile Include="src\tf\src\tfTextFile.cpp">
      <Filter>Source Files\tf</Filter>
    </ClCompile>
    <ClCompile Include="src\tf\src\tfBinaryFile.cpp">
      <Filter>Source Files\tf</Filter>
    </ClCompile>
    <ClCompile Include="src\tf\src\tfTimer.cpp">
      <Filter>Source Files\tf</Filter>
    </ClCompile>
    <ClCompile Include="src\triangle-rasterizer-demo\trd\trdSettings.cpp">
      <Filter>Source Files\triangle-rasterizer-demo\trd</Filter>
    </ClCompile>
    <ClCompile Include="src\triangle-rasterizer-demo\trd\trdTextRenderer.cpp">
      <Filter>Source Files\triangle-rasterizer-demo\trd</Filter>
    </ClCompile>
    <ClCompile Include="src\triangle-rasterizer-demo\trd\trdInstructions.cpp">
      <Filter>Source Files\triangle-rasterizer-demo\trd</Filter>
    </ClCompile>
    <ClCompile Include="src\triangle-rasterizer-demo\trd\trdMesh.cpp">
      <Filter>Source Files\triangle-rasterizer-demo\trd</Filter>
    </ClCompile>
    <ClCompile Include="src\triangle-rasterizer-demo\trd\trdTextureMap.cpp">
      <Filter>Source Files\triangle-rasterizer-demo\trd</Filter>
    </ClCompile>
    <ClCompile Include="src\triangle-rasterizer-demo\trd\trdMeshMap.cpp">
      <Filter>Source Files\triangle-rasterizer-demo\trd</Filter>
    </ClCompile>
    <ClCompile Include="src\triangle-rasterizer-demo\trd\trdModel.cpp">
      <Filter>Source Files\triangle-rasterizer-demo\trd</Filter>
    </ClCompile>
    <ClCompile Include="src\triangle-rasterizer-demo\trd\trdShader.cpp">
      <Filter>Source Files\triangle-rasterizer-demo\trd</Filter>
    </ClCompile>
    <ClCompile Include="src\triangle-rasterizer-demo\trd\trdRenderManager.cpp">
      <Filter>Source Files\triangle-rasterizer-demo\trd</Filter>
    </ClCompile>
    <ClCompile Include="src\triangle-rasterizer-demo\trd\trdRenderThread.cpp">
      <Filter>Source Files\triangle-rasterizer-demo\trd</Filter>
    </ClCompile>
    <ClCompile Include="src\triangle-rasterizer-demo\trd\trdScene.cpp">
      <Filter>Source Files\triangle-rasterizer-demo\trd</Filter>
    </ClCompile>
    <ClCompile Include="src\triangle-rasterizer-demo\trd\trdWindow.cpp">
      <Filter>Source Files\triangle-rasterizer-demo\trd</Filter>
    </ClCompile>
    <ClCompile Include="src\triangle-rasterizer-demo\trd\trdInputState.cpp">
      <Filter>Source Files\triangle-rasterizer-demo\trd</Filter>
    </ClCompile>
    <ClCompile Include="src\triangle-rasterizer-demo\trd\trdDirectionalLight.cpp">
      <Filter>Source Files\triangle-rasterizer-demo\trd\Lights</Filter>
    </ClCompile>
    <ClCompile Include="src\triangle-rasterizer-demo\trd\trdLight.cpp">
      <Filter>Source Files\triangle-rasterizer-demo\trd\Lights</Filter>
    </ClCompile>
    <ClCompile Include="src\triangle-rasterizer-demo\trd\trdLights.cpp">
      <Filter>Source Files\triangle-rasterizer-demo\trd\Lights</Filter>
    </ClCompile>
    <ClCompile Include="src\triangle-rasterizer-demo\trd\trdCamera.cpp">
      <Filter>Source Files\triangle-rasterizer-demo\trd\Cameras</Filter>
    </ClCompile>
    <ClCompile Include="src\triangle-rasterizer-demo\trd\trdControlledCamera.cpp">
      <Filter>Source Files\triangle-rasterizer-demo\trd\Cameras</Filter>
    </ClCompile>
    <ClCompile Include="src\triangle-rasterizer-demo\trd\trdAmbientLight.cpp">
      <Filter>Source Files\triangle-rasterizer-demo\trd\Lights</Filter>
    </ClCompile>
    <ClCompile Include="src\triangle-rasterizer-demo\trd\trdPointLight.cpp">
      <Filter>Source Files\triangle-rasterizer-demo\trd\Lights</Filter>
    </ClCompile>
    <ClCompile Include="src\triangle-rasterizer-demo\trd\trdFrameTimer.cpp">
      <Filter>Source Files\triangle-rasterizer-demo\trd</Filter>
    </ClCompile>
  </ItemGroup>
  <ItemGroup>
    <ClInclude Include="src\triangle-rasterizer-demo\trd\trdApp.hpp">
      <Filter>Source Files\triangle-rasterizer-demo\trd</Filter>
    </ClInclude>
    <ClInclude Include="src\triangle-rasterizer\src\tr\trBlendMode.hpp">
      <Filter>Source Files\triangle-rasterizer\tr</Filter>
    </ClInclude>
    <ClInclude Include="src\triangle-rasterizer\src\tr\trBuffer.hpp">
      <Filter>Source Files\triangle-rasterizer\tr</Filter>
    </ClInclude>
    <ClInclude Include="src\triangle-rasterizer\src\tr\trColor.hpp">
      <Filter>Source Files\triangle-rasterizer\tr</Filter>
    </ClInclude>
    <ClInclude Include="src\triangle-rasterizer\src\tr\trColorBuffer.hpp">
      <Filter>Source Files\triangle-rasterizer\tr</Filter>
    </ClInclude>
    <ClInclude Include="src\triangle-rasterizer\src\tr\trCoord.hpp">
      <Filter>Source Files\triangle-rasterizer\tr</Filter>
    </ClInclude>
    <ClInclude Include="src\triangle-rasterizer\src\tr\trCullFaceMode.hpp">
      <Filter>Source Files\triangle-rasterizer\tr</Filter>
    </ClInclude>
    <ClInclude Include="src\triangle-rasterizer\src\tr\trDefaultShader.hpp">
      <Filter>Source Files\triangle-rasterizer\tr</Filter>
    </ClInclude>
    <ClInclude Include="src\triangle-rasterizer\src\tr\trDepthBuffer.hpp">
      <Filter>Source Files\triangle-rasterizer\tr</Filter>
    </ClInclude>
    <ClInclude Include="src\triangle-rasterizer\src\tr\trDepthShader.hpp">
      <Filter>Source Files\triangle-rasterizer\tr</Filter>
    </ClInclude>
    <ClInclude Include="src\triangle-rasterizer\src\tr\trEdgeInfo.hpp">
      <Filter>Source Files\triangle-rasterizer\tr</Filter>
    </ClInclude>
    <ClInclude Include="src\triangle-rasterizer\src\tr\trError.hpp">
      <Filter>Source Files\triangle-rasterizer\tr</Filter>
    </ClInclude>
    <ClInclude Include="src\triangle-rasterizer\src\tr\trPrimitive.hpp">
      <Filter>Source Files\triangle-rasterizer\tr</Filter>
    </ClInclude>
    <ClInclude Include="src\triangle-rasterizer\src\tr\trRasterizer.hpp">
      <Filter>Source Files\triangle-rasterizer\tr</Filter>
    </ClInclude>
    <ClInclude Include="src\triangle-rasterizer\src\tr\trTexture.hpp">
      <Filter>Source Files\triangle-rasterizer\tr</Filter>
    </ClInclude>
    <ClInclude Include="src\triangle-rasterizer\src\tr\trTextureMode.hpp">
      <Filter>Source Files\triangle-rasterizer\tr</Filter>
    </ClInclude>
    <ClInclude Include="src\triangle-rasterizer\src\tr\trTextureWrappingMode.hpp">
      <Filter>Source Files\triangle-rasterizer\tr</Filter>
    </ClInclude>
    <ClInclude Include="src\triangle-rasterizer\src\tr\trVertex.hpp">
      <Filter>Source Files\triangle-rasterizer\tr</Filter>
    </ClInclude>
    <ClInclude Include="src\triangle-rasterizer\src\tr\trVertexClipBitMasks.hpp">
      <Filter>Source Files\triangle-rasterizer\tr</Filter>
    </ClInclude>
    <ClInclude Include="src\triangle-rasterizer\src\tr\tr.hpp">
      <Filter>Source Files\triangle-rasterizer\tr</Filter>
    </ClInclude>
    <ClInclude Include="src\triangle-rasterizer\src\tr\trAxis.hpp">
      <Filter>Source Files\triangle-rasterizer\tr</Filter>
    </ClInclude>
    <ClInclude Include="src\triangle-rasterizer\src\matrix\Matrices.h">
      <Filter>Source Files\triangle-rasterizer\matrix</Filter>
    </ClInclude>
    <ClInclude Include="src\triangle-rasterizer\src\matrix\Vectors.h">
      <Filter>Source Files\triangle-rasterizer\matrix</Filter>
    </ClInclude>
    <ClInclude Include="src\triangle-rasterizer\src\lodepng\lodepng.h">
      <Filter>Source Files\triangle-rasterizer\lodepng</Filter>
    </ClInclude>
    <ClInclude Include="src\triangle-rasterizer-demo\trd\trdSettings.hpp">
      <Filter>Source Files\triangle-rasterizer-demo\trd</Filter>
    </ClInclude>
    <ClInclude Include="src\tf\src\tfCsvLine.hpp">
      <Filter>Source Files\tf</Filter>
    </ClInclude>
    <ClInclude Include="src\tf\src\tfFileContentException.hpp">
      <Filter>Source Files\tf</Filter>
    </ClInclude>
    <ClInclude Include="src\tf\src\tfFileIoException.hpp">
      <Filter>Source Files\tf</Filter>
    </ClInclude>
    <ClInclude Include="src\tf\src\tfList.hpp">
      <Filter>Source Files\tf</Filter>
    </ClInclude>
    <ClInclude Include="src\tf\src\tfLock.hpp">
      <Filter>Source Files\tf</Filter>
    </ClInclude>
    <ClInclude Include="src\tf\src\tfLogger.hpp">
      <Filter>Source Files\tf</Filter>
    </ClInclude>
    <ClInclude Include="src\tf\src\tfMap.hpp">
      <Filter>Source Files\tf</Filter>
    </ClInclude>
    <ClInclude Include="src\tf\src\tfMultiMap.hpp">
      <Filter>Source Files\tf</Filter>
    </ClInclude>
    <ClInclude Include="src\tf\src\tfMultiset.hpp">
      <Filter>Source Files\tf</Filter>
    </ClInclude>
    <ClInclude Include="src\tf\src\tfQueue.hpp">
      <Filter>Source Files\tf</Filter>
    </ClInclude>
    <ClInclude Include="src\tf\src\tfRandomRange.hpp">
      <Filter>Source Files\tf</Filter>
    </ClInclude>
    <ClInclude Include="src\tf\src\tfSeekOrigin.hpp">
      <Filter>Source Files\tf</Filter>
    </ClInclude>
    <ClInclude Include="src\tf\src\tfSet.hpp">
      <Filter>Source Files\tf</Filter>
    </ClInclude>
    <ClInclude Include="src\tf\src\tfString.hpp">
      <Filter>Source Files\tf</Filter>
    </ClInclude>
    <ClInclude Include="src\tf\src\tfStringBase.hpp">
      <Filter>Source Files\tf</Filter>
    </ClInclude>
    <ClInclude Include="src\tf\src\tfStringW.hpp">
      <Filter>Source Files\tf</Filter>
    </ClInclude>
    <ClInclude Include="src\tf\src\tfTextFile.hpp">
      <Filter>Source Files\tf</Filter>
    </ClInclude>
    <ClInclude Include="src\tf\src\tfThread.hpp">
      <Filter>Source Files\tf</Filter>
    </ClInclude>
    <ClInclude Include="src\tf\src\tfUnorderedMap.hpp">
      <Filter>Source Files\tf</Filter>
    </ClInclude>
    <ClInclude Include="src\tf\src\tfUnorderedMultimap.hpp">
      <Filter>Source Files\tf</Filter>
    </ClInclude>
    <ClInclude Include="src\tf\src\tfUnorderedSet.hpp">
      <Filter>Source Files\tf</Filter>
    </ClInclude>
    <ClInclude Include="src\tf\src\tfVector.hpp">
      <Filter>Source Files\tf</Filter>
    </ClInclude>
    <ClInclude Include="src\tf\src\tfWait.hpp">
      <Filter>Source Files\tf</Filter>
    </ClInclude>
    <ClInclude Include="src\tf\src\tfBinaryFile.hpp">
      <Filter>Source Files\tf</Filter>
    </ClInclude>
    <ClInclude Include="src\tf\src\tfCsvFile.hpp">
      <Filter>Source Files\tf</Filter>
    </ClInclude>
    <ClInclude Include="src\tf\src\tfTimer.hpp">
      <Filter>Source Files\tf</Filter>
    </ClInclude>
    <ClInclude Include="src\triangle-rasterizer-demo\trd\trdExternalLibraryException.hpp">
      <Filter>Source Files\triangle-rasterizer-demo\trd</Filter>
    </ClInclude>
    <ClInclude Include="src\triangle-rasterizer-demo\font8x8\font8x8_basic.h">
      <Filter>Source Files\triangle-rasterizer-demo\font8x8</Filter>
    </ClInclude>
    <ClInclude Include="src\triangle-rasterizer-demo\trd\trdTextRenderer.hpp">
      <Filter>Source Files\triangle-rasterizer-demo\trd</Filter>
    </ClInclude>
    <ClInclude Include="src\triangle-rasterizer-demo\trd\trdScreenPos.hpp">
      <Filter>Source Files\triangle-rasterizer-demo\trd</Filter>
    </ClInclude>
    <ClInclude Include="src\triangle-rasterizer-demo\trd\trdInstructions.hpp">
      <Filter>Source Files\triangle-rasterizer-demo\trd</Filter>
    </ClInclude>
    <ClInclude Include="src\triangle-rasterizer-demo\trd\trdScreenSize.hpp">
      <Filter>Source Files\triangle-rasterizer-demo\trd</Filter>
    </ClInclude>
    <ClInclude Include="src\triangle-rasterizer-demo\trd\trdMesh.hpp">
      <Filter>Source Files\triangle-rasterizer-demo\trd</Filter>
    </ClInclude>
    <ClInclude Include="src\triangle-rasterizer-demo\trd\trdModel.hpp">
      <Filter>Source Files\triangle-rasterizer-demo\trd</Filter>
    </ClInclude>
    <ClInclude Include="src\triangle-rasterizer-demo\trd\trdTextureMap.hpp">
      <Filter>Source Files\triangle-rasterizer-demo\trd</Filter>
    </ClInclude>
    <ClInclude Include="src\triangle-rasterizer-demo\trd\trdMeshMap.hpp">
      <Filter>Source Files\triangle-rasterizer-demo\trd</Filter>
    </ClInclude>
    <ClInclude Include="src\triangle-rasterizer-demo\trd\trdRenderMode.hpp">
      <Filter>Source Files\triangle-rasterizer-demo\trd</Filter>
    </ClInclude>
    <ClInclude Include="src\triangle-rasterizer-demo\trd\trdShader.hpp">
      <Filter>Source Files\triangle-rasterizer-demo\trd</Filter>
    </ClInclude>
    <ClInclude Include="src\triangle-rasterizer-demo\trd\trdRenderManager.hpp">
      <Filter>Source Files\triangle-rasterizer-demo\trd</Filter>
    </ClInclude>
    <ClInclude Include="src\triangle-rasterizer-demo\trd\trdRenderThread.hpp">
      <Filter>Source Files\triangle-rasterizer-demo\trd</Filter>
    </ClInclude>
    <ClInclude Include="src\triangle-rasterizer-demo\trd\trdScene.hpp">
      <Filter>Source Files\triangle-rasterizer-demo\trd</Filter>
    </ClInclude>
    <ClInclude Include="src\triangle-rasterizer-demo\trd\trdWindow.hpp">
      <Filter>Source Files\triangle-rasterizer-demo\trd</Filter>
    </ClInclude>
    <ClInclude Include="src\triangle-rasterizer-demo\trd\trdInputState.hpp">
      <Filter>Source Files\triangle-rasterizer-demo\trd</Filter>
    </ClInclude>
    <ClInclude Include="src\triangle-rasterizer-demo\trd\trdDigitalInput.hpp">
      <Filter>Source Files\triangle-rasterizer-demo\trd</Filter>
    </ClInclude>
    <ClInclude Include="src\triangle-rasterizer-demo\trd\trdDirectionalLight.hpp">
      <Filter>Source Files\triangle-rasterizer-demo\trd\Lights</Filter>
    </ClInclude>
    <ClInclude Include="src\triangle-rasterizer-demo\trd\trdLight.hpp">
      <Filter>Source Files\triangle-rasterizer-demo\trd\Lights</Filter>
    </ClInclude>
    <ClInclude Include="src\triangle-rasterizer-demo\trd\trdLights.hpp">
      <Filter>Source Files\triangle-rasterizer-demo\trd\Lights</Filter>
    </ClInclude>
    <ClInclude Include="src\triangle-rasterizer-demo\trd\trdCamera.hpp">
      <Filter>Source Files\triangle-rasterizer-demo\trd\Cameras</Filter>
    </ClInclude>
    <ClInclude Include="src\triangle-rasterizer-demo\trd\trdControlledCamera.hpp">
      <Filter>Source Files\triangle-rasterizer-demo\trd\Cameras</Filter>
    </ClInclude>
    <ClInclude Include="src\triangle-rasterizer-demo\trd\trdAmbientLight.hpp">
      <Filter>Source Files\triangle-rasterizer-demo\trd\Lights</Filter>
    </ClInclude>
    <ClInclude Include="src\triangle-rasterizer-demo\trd\trdKey.hpp">
      <Filter>Source Files\triangle-rasterizer-demo\trd\enums</Filter>
    </ClInclude>
    <ClInclude Include="src\triangle-rasterizer-demo\trd\trdCorner.hpp">
      <Filter>Source Files\triangle-rasterizer-demo\trd\enums</Filter>
    </ClInclude>
    <ClInclude Include="src\triangle-rasterizer-demo\trd\trdPointLight.hpp">
      <Filter>Source Files\triangle-rasterizer-demo\trd\Lights</Filter>
    </ClInclude>
    <ClInclude Include="src\triangle-rasterizer-demo\trd\trdTextAlign.hpp">
      <Filter>Source Files\triangle-rasterizer-demo\trd\enums</Filter>
    </ClInclude>
    <ClInclude Include="src\triangle-rasterizer-demo\trd\trdTextureMode.hpp">
      <Filter>Source Files\triangle-rasterizer-demo\trd\enums</Filter>
    </ClInclude>
    <ClInclude Include="src\triangle-rasterizer-demo\trd\trdFrameTimer.hpp">
      <Filter>Source Files\triangle-rasterizer-demo\trd</Filter>
    </ClInclude>
  </ItemGroup>
</Project>