<?xml version="1.0" encoding="utf-8"?>
<Project ToolsVersion="4.0" xmlns="http://schemas.microsoft.com/developer/msbuild/2003">
  <ItemGroup>
    <Filter Include="Source Files">
      <UniqueIdentifier>{4FC737F1-C7A5-4376-A066-2A32D752A2FF}</UniqueIdentifier>
      <Extensions>cpp;c;cc;cxx;def;odl;idl;hpj;bat;asm;asmx</Extensions>
    </Filter>
    <Filter Include="Source Files\Cameras">
      <UniqueIdentifier>{a53edc92-2e2b-4b98-a3a4-564df6bb00c5}</UniqueIdentifier>
    </Filter>
    <Filter Include="Source Files\enums">
      <UniqueIdentifier>{a0cc3e9b-5fa2-49a0-9c0a-68279ce8ce73}</UniqueIdentifier>
    </Filter>
    <Filter Include="Source Files\Exceptions">
      <UniqueIdentifier>{799e06ea-e374-4db0-94b1-24ea9a5a3d83}</UniqueIdentifier>
    </Filter>
    <Filter Include="Source Files\Lights">
      <UniqueIdentifier>{34cf7320-0feb-4063-9230-d904df74c79a}</UniqueIdentifier>
    </Filter>
  </ItemGroup>
  <ItemGroup>
    <ClCompile Include="src\main.cpp">
      <Filter>Source Files</Filter>
    </ClCompile>
    <ClCompile Include="src\trdAmbientLight.cpp">
      <Filter>Source Files</Filter>
    </ClCompile>
    <ClCompile Include="src\trdApp.cpp">
      <Filter>Source Files</Filter>
    </ClCompile>
    <ClCompile Include="src\trdCamera.cpp">
      <Filter>Source Files</Filter>
    </ClCompile>
    <ClCompile Include="src\trdConfig.cpp">
      <Filter>Source Files</Filter>
    </ClCompile>
    <ClCompile Include="src\trdControlledCamera.cpp">
      <Filter>Source Files</Filter>
    </ClCompile>
    <ClCompile Include="src\trdDirectionalLight.cpp">
      <Filter>Source Files</Filter>
    </ClCompile>
    <ClCompile Include="src\trdFrameTimer.cpp">
      <Filter>Source Files</Filter>
    </ClCompile>
    <ClCompile Include="src\trdHologramManager.cpp">
      <Filter>Source Files</Filter>
    </ClCompile>
    <ClCompile Include="src\trdInputState.cpp">
      <Filter>Source Files</Filter>
    </ClCompile>
    <ClCompile Include="src\trdInstructions.cpp">
      <Filter>Source Files</Filter>
    </ClCompile>
    <ClCompile Include="src\trdLight.cpp">
      <Filter>Source Files</Filter>
    </ClCompile>
    <ClCompile Include="src\trdLights.cpp">
      <Filter>Source Files</Filter>
    </ClCompile>
    <ClCompile Include="src\trdMesh.cpp">
      <Filter>Source Files</Filter>
    </ClCompile>
    <ClCompile Include="src\trdMeshMap.cpp">
      <Filter>Source Files</Filter>
    </ClCompile>
    <ClCompile Include="src\trdModel.cpp">
      <Filter>Source Files</Filter>
    </ClCompile>
    <ClCompile Include="src\trdPointLight.cpp">
      <Filter>Source Files</Filter>
    </ClCompile>
    <ClCompile Include="src\trdRenderManager.cpp">
      <Filter>Source Files</Filter>
    </ClCompile>
    <ClCompile Include="src\trdRenderThread.cpp">
      <Filter>Source Files</Filter>
    </ClCompile>
    <ClCompile Include="src\trdScene.cpp">
      <Filter>Source Files</Filter>
    </ClCompile>
    <ClCompile Include="src\trdSettings.cpp">
      <Filter>Source Files</Filter>
    </ClCompile>
    <ClCompile Include="src\trdShader.cpp">
      <Filter>Source Files</Filter>
    </ClCompile>
    <ClCompile Include="src\trdTextRenderer.cpp">
      <Filter>Source Files</Filter>
    </ClCompile>
    <ClCompile Include="src\trdTextureMap.cpp">
      <Filter>Source Files</Filter>
    </ClCompile>
    <ClCompile Include="src\trdWindow.cpp">
      <Filter>Source Files</Filter>
    </ClCompile>
  </ItemGroup>
  <ItemGroup>
    <ClInclude Include="src\trdAmbientLight.hpp">
      <Filter>Source Files</Filter>
    </ClInclude>
    <ClInclude Include="src\trdApp.hpp">
      <Filter>Source Files</Filter>
    </ClInclude>
    <ClInclude Include="src\trdCamera.hpp">
      <Filter>Source Files</Filter>
    </ClInclude>
    <ClInclude Include="src\trdConfig.hpp">
      <Filter>Source Files</Filter>
    </ClInclude>
    <ClInclude Include="src\trdControlledCamera.hpp">
      <Filter>Source Files</Filter>
    </ClInclude>
    <ClInclude Include="src\trdCorner.hpp">
      <Filter>Source Files</Filter>
    </ClInclude>
    <ClInclude Include="src\trdDigitalInput.hpp">
      <Filter>Source Files</Filter>
    </ClInclude>
    <ClInclude Include="src\trdDirectionalLight.hpp">
      <Filter>Source Files</Filter>
    </ClInclude>
    <ClInclude Include="src\trdExternalLibraryException.hpp">
      <Filter>Source Files</Filter>
    </ClInclude>
    <ClInclude Include="src\trdFont.hpp">
      <Filter>Source Files</Filter>
    </ClInclude>
    <ClInclude Include="src\trdFrameTimer.hpp">
      <Filter>Source Files</Filter>
    </ClInclude>
    <ClInclude Include="src\trdHologramManager.hpp">
      <Filter>Source Files</Filter>
    </ClInclude>
    <ClInclude Include="src\trdInputState.hpp">
      <Filter>Source Files</Filter>
    </ClInclude>
    <ClInclude Include="src\trdInstructions.hpp">
      <Filter>Source Files</Filter>
    </ClInclude>
    <ClInclude Include="src\trdInvalidFileException.hpp">
      <Filter>Source Files</Filter>
    </ClInclude>
    <ClInclude Include="src\trdKey.hpp">
      <Filter>Source Files</Filter>
    </ClInclude>
    <ClInclude Include="src\trdLight.hpp">
      <Filter>Source Files</Filter>
    </ClInclude>
    <ClInclude Include="src\trdLightComponent.hpp">
      <Filter>Source Files</Filter>
    </ClInclude>
    <ClInclude Include="src\trdLights.hpp">
      <Filter>Source Files</Filter>
    </ClInclude>
    <ClInclude Include="src\trdMesh.hpp">
      <Filter>Source Files</Filter>
    </ClInclude>
    <ClInclude Include="src\trdMeshMap.hpp">
      <Filter>Source Files</Filter>
    </ClInclude>
    <ClInclude Include="src\trdMissingFileException.hpp">
      <Filter>Source Files</Filter>
    </ClInclude>
    <ClInclude Include="src\trdModel.hpp">
      <Filter>Source Files</Filter>
    </ClInclude>
    <ClInclude Include="src\trdPointLight.hpp">
      <Filter>Source Files</Filter>
    </ClInclude>
    <ClInclude Include="src\trdRenderManager.hpp">
      <Filter>Source Files</Filter>
    </ClInclude>
    <ClInclude Include="src\trdRenderMode.hpp">
      <Filter>Source Files</Filter>
    </ClInclude>
    <ClInclude Include="src\trdRenderThread.hpp">
      <Filter>Source Files</Filter>
    </ClInclude>
    <ClInclude Include="src\trdScene.hpp">
      <Filter>Source Files</Filter>
    </ClInclude>
    <ClInclude Include="src\trdScreenPos.hpp">
      <Filter>Source Files</Filter>
    </ClInclude>
    <ClInclude Include="src\trdScreenSize.hpp">
      <Filter>Source Files</Filter>
    </ClInclude>
    <ClInclude Include="src\trdSettings.hpp">
      <Filter>Source Files</Filter>
    </ClInclude>
    <ClInclude Include="src\trdShader.hpp">
      <Filter>Source Files</Filter>
    </ClInclude>
    <ClInclude Include="src\trdTextAlign.hpp">
      <Filter>Source Files</Filter>
    </ClInclude>
    <ClInclude Include="src\trdTextRenderer.hpp">
      <Filter>Source Files</Filter>
    </ClInclude>
    <ClInclude Include="src\trdTextureMap.hpp">
      <Filter>Source Files</Filter>
    </ClInclude>
    <ClInclude Include="src\trdTextureMode.hpp">
      <Filter>Source Files</Filter>
    </ClInclude>
    <ClInclude Include="src\trdUnsupportedFileException.hpp">
      <Filter>Source Files</Filter>
    </ClInclude>
    <ClInclude Include="src\trdWindow.hpp">
      <Filter>Source Files</Filter>
    </ClInclude>
  </ItemGroup>
</Project>